// !$*UTF8*$!
{
	archiveVersion = 1;
	classes = {
	};
	objectVersion = 56;
	objects = {

/* Begin PBXBuildFile section */
		67E2D51D290AE68400FB09B3 /* AppDelegate.swift in Sources */ = {isa = PBXBuildFile; fileRef = 67E2D51C290AE68400FB09B3 /* AppDelegate.swift */; };
		67E2D51F290AE68400FB09B3 /* SceneDelegate.swift in Sources */ = {isa = PBXBuildFile; fileRef = 67E2D51E290AE68400FB09B3 /* SceneDelegate.swift */; };
		67E2D521290AE68400FB09B3 /* ViewController.swift in Sources */ = {isa = PBXBuildFile; fileRef = 67E2D520290AE68400FB09B3 /* ViewController.swift */; };
		67E2D524290AE68400FB09B3 /* Main.storyboard in Resources */ = {isa = PBXBuildFile; fileRef = 67E2D522290AE68400FB09B3 /* Main.storyboard */; };
		67E2D526290AE68600FB09B3 /* Assets.xcassets in Resources */ = {isa = PBXBuildFile; fileRef = 67E2D525290AE68600FB09B3 /* Assets.xcassets */; };
		67E2D529290AE68600FB09B3 /* LaunchScreen.storyboard in Resources */ = {isa = PBXBuildFile; fileRef = 67E2D527290AE68600FB09B3 /* LaunchScreen.storyboard */; };
		67E2D546290AEB6900FB09B3 /* demo_circle_ciTests.swift in Sources */ = {isa = PBXBuildFile; fileRef = 67E2D545290AEB6900FB09B3 /* demo_circle_ciTests.swift */; };
/* End PBXBuildFile section */

/* Begin PBXContainerItemProxy section */
		67E2D547290AEB6900FB09B3 /* PBXContainerItemProxy */ = {
			isa = PBXContainerItemProxy;
			containerPortal = 67E2D511290AE68400FB09B3 /* Project object */;
			proxyType = 1;
			remoteGlobalIDString = 67E2D518290AE68400FB09B3;
			remoteInfo = "demo-circle-ci";
		};
/* End PBXContainerItemProxy section */

/* Begin PBXFileReference section */
		67E2D519290AE68400FB09B3 /* demo-circle-ci.app */ = {isa = PBXFileReference; explicitFileType = wrapper.application; includeInIndex = 0; path = "demo-circle-ci.app"; sourceTree = BUILT_PRODUCTS_DIR; };
		67E2D51C290AE68400FB09B3 /* AppDelegate.swift */ = {isa = PBXFileReference; lastKnownFileType = sourcecode.swift; path = AppDelegate.swift; sourceTree = "<group>"; };
		67E2D51E290AE68400FB09B3 /* SceneDelegate.swift */ = {isa = PBXFileReference; lastKnownFileType = sourcecode.swift; path = SceneDelegate.swift; sourceTree = "<group>"; };
		67E2D520290AE68400FB09B3 /* ViewController.swift */ = {isa = PBXFileReference; lastKnownFileType = sourcecode.swift; path = ViewController.swift; sourceTree = "<group>"; };
		67E2D523290AE68400FB09B3 /* Base */ = {isa = PBXFileReference; lastKnownFileType = file.storyboard; name = Base; path = Base.lproj/Main.storyboard; sourceTree = "<group>"; };
		67E2D525290AE68600FB09B3 /* Assets.xcassets */ = {isa = PBXFileReference; lastKnownFileType = folder.assetcatalog; path = Assets.xcassets; sourceTree = "<group>"; };
		67E2D528290AE68600FB09B3 /* Base */ = {isa = PBXFileReference; lastKnownFileType = file.storyboard; name = Base; path = Base.lproj/LaunchScreen.storyboard; sourceTree = "<group>"; };
		67E2D52A290AE68600FB09B3 /* Info.plist */ = {isa = PBXFileReference; lastKnownFileType = text.plist.xml; path = Info.plist; sourceTree = "<group>"; };
		67E2D543290AEB6900FB09B3 /* demo-circle-ciTests.xctest */ = {isa = PBXFileReference; explicitFileType = wrapper.cfbundle; includeInIndex = 0; path = "demo-circle-ciTests.xctest"; sourceTree = BUILT_PRODUCTS_DIR; };
		67E2D545290AEB6900FB09B3 /* demo_circle_ciTests.swift */ = {isa = PBXFileReference; lastKnownFileType = sourcecode.swift; path = demo_circle_ciTests.swift; sourceTree = "<group>"; };
/* End PBXFileReference section */

/* Begin PBXFrameworksBuildPhase section */
		67E2D516290AE68400FB09B3 /* Frameworks */ = {
			isa = PBXFrameworksBuildPhase;
			buildActionMask = 2147483647;
			files = (
			);
			runOnlyForDeploymentPostprocessing = 0;
		};
		67E2D540290AEB6900FB09B3 /* Frameworks */ = {
			isa = PBXFrameworksBuildPhase;
			buildActionMask = 2147483647;
			files = (
			);
			runOnlyForDeploymentPostprocessing = 0;
		};
/* End PBXFrameworksBuildPhase section */

/* Begin PBXGroup section */
		67E2D510290AE68400FB09B3 = {
			isa = PBXGroup;
			children = (
				67E2D51B290AE68400FB09B3 /* demo-circle-ci */,
				67E2D544290AEB6900FB09B3 /* demo-circle-ciTests */,
				67E2D51A290AE68400FB09B3 /* Products */,
			);
			sourceTree = "<group>";
		};
		67E2D51A290AE68400FB09B3 /* Products */ = {
			isa = PBXGroup;
			children = (
				67E2D519290AE68400FB09B3 /* demo-circle-ci.app */,
				67E2D543290AEB6900FB09B3 /* demo-circle-ciTests.xctest */,
			);
			name = Products;
			sourceTree = "<group>";
		};
		67E2D51B290AE68400FB09B3 /* demo-circle-ci */ = {
			isa = PBXGroup;
			children = (
				67E2D51C290AE68400FB09B3 /* AppDelegate.swift */,
				67E2D51E290AE68400FB09B3 /* SceneDelegate.swift */,
				67E2D520290AE68400FB09B3 /* ViewController.swift */,
				67E2D522290AE68400FB09B3 /* Main.storyboard */,
				67E2D525290AE68600FB09B3 /* Assets.xcassets */,
				67E2D527290AE68600FB09B3 /* LaunchScreen.storyboard */,
				67E2D52A290AE68600FB09B3 /* Info.plist */,
			);
			path = "demo-circle-ci";
			sourceTree = "<group>";
		};
		67E2D544290AEB6900FB09B3 /* demo-circle-ciTests */ = {
			isa = PBXGroup;
			children = (
				67E2D545290AEB6900FB09B3 /* demo_circle_ciTests.swift */,
			);
			path = "demo-circle-ciTests";
			sourceTree = "<group>";
		};
/* End PBXGroup section */

/* Begin PBXNativeTarget section */
		67E2D518290AE68400FB09B3 /* demo-circle-ci */ = {
			isa = PBXNativeTarget;
			buildConfigurationList = 67E2D52D290AE68600FB09B3 /* Build configuration list for PBXNativeTarget "demo-circle-ci" */;
			buildPhases = (
				67E2D515290AE68400FB09B3 /* Sources */,
				67E2D516290AE68400FB09B3 /* Frameworks */,
				67E2D517290AE68400FB09B3 /* Resources */,
			);
			buildRules = (
			);
			dependencies = (
			);
			name = "demo-circle-ci";
			productName = "demo-circle-ci";
			productReference = 67E2D519290AE68400FB09B3 /* demo-circle-ci.app */;
			productType = "com.apple.product-type.application";
		};
		67E2D542290AEB6900FB09B3 /* demo-circle-ciTests */ = {
			isa = PBXNativeTarget;
			buildConfigurationList = 67E2D549290AEB6900FB09B3 /* Build configuration list for PBXNativeTarget "demo-circle-ciTests" */;
			buildPhases = (
				67E2D53F290AEB6900FB09B3 /* Sources */,
				67E2D540290AEB6900FB09B3 /* Frameworks */,
				67E2D541290AEB6900FB09B3 /* Resources */,
			);
			buildRules = (
			);
			dependencies = (
				67E2D548290AEB6900FB09B3 /* PBXTargetDependency */,
			);
			name = "demo-circle-ciTests";
			productName = "demo-circle-ciTests";
			productReference = 67E2D543290AEB6900FB09B3 /* demo-circle-ciTests.xctest */;
			productType = "com.apple.product-type.bundle.unit-test";
		};
/* End PBXNativeTarget section */

/* Begin PBXProject section */
		67E2D511290AE68400FB09B3 /* Project object */ = {
			isa = PBXProject;
			attributes = {
				BuildIndependentTargetsInParallel = 1;
				LastSwiftUpdateCheck = 1400;
				LastUpgradeCheck = 1400;
				TargetAttributes = {
					67E2D518290AE68400FB09B3 = {
						CreatedOnToolsVersion = 14.0.1;
					};
					67E2D542290AEB6900FB09B3 = {
						CreatedOnToolsVersion = 14.0.1;
						TestTargetID = 67E2D518290AE68400FB09B3;
					};
				};
			};
			buildConfigurationList = 67E2D514290AE68400FB09B3 /* Build configuration list for PBXProject "demo-circle-ci" */;
			compatibilityVersion = "Xcode 14.0";
			developmentRegion = en;
			hasScannedForEncodings = 0;
			knownRegions = (
				en,
				Base,
			);
			mainGroup = 67E2D510290AE68400FB09B3;
			productRefGroup = 67E2D51A290AE68400FB09B3 /* Products */;
			projectDirPath = "";
			projectRoot = "";
			targets = (
				67E2D518290AE68400FB09B3 /* demo-circle-ci */,
				67E2D542290AEB6900FB09B3 /* demo-circle-ciTests */,
			);
		};
/* End PBXProject section */

/* Begin PBXResourcesBuildPhase section */
		67E2D517290AE68400FB09B3 /* Resources */ = {
			isa = PBXResourcesBuildPhase;
			buildActionMask = 2147483647;
			files = (
				67E2D529290AE68600FB09B3 /* LaunchScreen.storyboard in Resources */,
				67E2D526290AE68600FB09B3 /* Assets.xcassets in Resources */,
				67E2D524290AE68400FB09B3 /* Main.storyboard in Resources */,
			);
			runOnlyForDeploymentPostprocessing = 0;
		};
		67E2D541290AEB6900FB09B3 /* Resources */ = {
			isa = PBXResourcesBuildPhase;
			buildActionMask = 2147483647;
			files = (
			);
			runOnlyForDeploymentPostprocessing = 0;
		};
/* End PBXResourcesBuildPhase section */

/* Begin PBXSourcesBuildPhase section */
		67E2D515290AE68400FB09B3 /* Sources */ = {
			isa = PBXSourcesBuildPhase;
			buildActionMask = 2147483647;
			files = (
				67E2D521290AE68400FB09B3 /* ViewController.swift in Sources */,
				67E2D51D290AE68400FB09B3 /* AppDelegate.swift in Sources */,
				67E2D51F290AE68400FB09B3 /* SceneDelegate.swift in Sources */,
			);
			runOnlyForDeploymentPostprocessing = 0;
		};
		67E2D53F290AEB6900FB09B3 /* Sources */ = {
			isa = PBXSourcesBuildPhase;
			buildActionMask = 2147483647;
			files = (
				67E2D546290AEB6900FB09B3 /* demo_circle_ciTests.swift in Sources */,
			);
			runOnlyForDeploymentPostprocessing = 0;
		};
/* End PBXSourcesBuildPhase section */

/* Begin PBXTargetDependency section */
		67E2D548290AEB6900FB09B3 /* PBXTargetDependency */ = {
			isa = PBXTargetDependency;
			target = 67E2D518290AE68400FB09B3 /* demo-circle-ci */;
			targetProxy = 67E2D547290AEB6900FB09B3 /* PBXContainerItemProxy */;
		};
/* End PBXTargetDependency section */

/* Begin PBXVariantGroup section */
		67E2D522290AE68400FB09B3 /* Main.storyboard */ = {
			isa = PBXVariantGroup;
			children = (
				67E2D523290AE68400FB09B3 /* Base */,
			);
			name = Main.storyboard;
			sourceTree = "<group>";
		};
		67E2D527290AE68600FB09B3 /* LaunchScreen.storyboard */ = {
			isa = PBXVariantGroup;
			children = (
				67E2D528290AE68600FB09B3 /* Base */,
			);
			name = LaunchScreen.storyboard;
			sourceTree = "<group>";
		};
/* End PBXVariantGroup section */

/* Begin XCBuildConfiguration section */
		67E2D52B290AE68600FB09B3 /* Debug */ = {
			isa = XCBuildConfiguration;
			buildSettings = {
				ALWAYS_SEARCH_USER_PATHS = NO;
				CLANG_ANALYZER_NONNULL = YES;
				CLANG_ANALYZER_NUMBER_OBJECT_CONVERSION = YES_AGGRESSIVE;
				CLANG_CXX_LANGUAGE_STANDARD = "gnu++20";
				CLANG_ENABLE_MODULES = YES;
				CLANG_ENABLE_OBJC_ARC = YES;
				CLANG_ENABLE_OBJC_WEAK = YES;
				CLANG_WARN_BLOCK_CAPTURE_AUTORELEASING = YES;
				CLANG_WARN_BOOL_CONVERSION = YES;
				CLANG_WARN_COMMA = YES;
				CLANG_WARN_CONSTANT_CONVERSION = YES;
				CLANG_WARN_DEPRECATED_OBJC_IMPLEMENTATIONS = YES;
				CLANG_WARN_DIRECT_OBJC_ISA_USAGE = YES_ERROR;
				CLANG_WARN_DOCUMENTATION_COMMENTS = YES;
				CLANG_WARN_EMPTY_BODY = YES;
				CLANG_WARN_ENUM_CONVERSION = YES;
				CLANG_WARN_INFINITE_RECURSION = YES;
				CLANG_WARN_INT_CONVERSION = YES;
				CLANG_WARN_NON_LITERAL_NULL_CONVERSION = YES;
				CLANG_WARN_OBJC_IMPLICIT_RETAIN_SELF = YES;
				CLANG_WARN_OBJC_LITERAL_CONVERSION = YES;
				CLANG_WARN_OBJC_ROOT_CLASS = YES_ERROR;
				CLANG_WARN_QUOTED_INCLUDE_IN_FRAMEWORK_HEADER = YES;
				CLANG_WARN_RANGE_LOOP_ANALYSIS = YES;
				CLANG_WARN_STRICT_PROTOTYPES = YES;
				CLANG_WARN_SUSPICIOUS_MOVE = YES;
				CLANG_WARN_UNGUARDED_AVAILABILITY = YES_AGGRESSIVE;
				CLANG_WARN_UNREACHABLE_CODE = YES;
				CLANG_WARN__DUPLICATE_METHOD_MATCH = YES;
				COPY_PHASE_STRIP = NO;
				DEBUG_INFORMATION_FORMAT = dwarf;
				ENABLE_STRICT_OBJC_MSGSEND = YES;
				ENABLE_TESTABILITY = YES;
				GCC_C_LANGUAGE_STANDARD = gnu11;
				GCC_DYNAMIC_NO_PIC = NO;
				GCC_NO_COMMON_BLOCKS = YES;
				GCC_OPTIMIZATION_LEVEL = 0;
				GCC_PREPROCESSOR_DEFINITIONS = (
					"DEBUG=1",
					"$(inherited)",
				);
				GCC_WARN_64_TO_32_BIT_CONVERSION = YES;
				GCC_WARN_ABOUT_RETURN_TYPE = YES_ERROR;
				GCC_WARN_UNDECLARED_SELECTOR = YES;
				GCC_WARN_UNINITIALIZED_AUTOS = YES_AGGRESSIVE;
				GCC_WARN_UNUSED_FUNCTION = YES;
				GCC_WARN_UNUSED_VARIABLE = YES;
				IPHONEOS_DEPLOYMENT_TARGET = 16.0;
				MTL_ENABLE_DEBUG_INFO = INCLUDE_SOURCE;
				MTL_FAST_MATH = YES;
				ONLY_ACTIVE_ARCH = YES;
				SDKROOT = iphoneos;
				SWIFT_ACTIVE_COMPILATION_CONDITIONS = DEBUG;
				SWIFT_OPTIMIZATION_LEVEL = "-Onone";
			};
			name = Debug;
		};
		67E2D52C290AE68600FB09B3 /* Release */ = {
			isa = XCBuildConfiguration;
			buildSettings = {
				ALWAYS_SEARCH_USER_PATHS = NO;
				CLANG_ANALYZER_NONNULL = YES;
				CLANG_ANALYZER_NUMBER_OBJECT_CONVERSION = YES_AGGRESSIVE;
				CLANG_CXX_LANGUAGE_STANDARD = "gnu++20";
				CLANG_ENABLE_MODULES = YES;
				CLANG_ENABLE_OBJC_ARC = YES;
				CLANG_ENABLE_OBJC_WEAK = YES;
				CLANG_WARN_BLOCK_CAPTURE_AUTORELEASING = YES;
				CLANG_WARN_BOOL_CONVERSION = YES;
				CLANG_WARN_COMMA = YES;
				CLANG_WARN_CONSTANT_CONVERSION = YES;
				CLANG_WARN_DEPRECATED_OBJC_IMPLEMENTATIONS = YES;
				CLANG_WARN_DIRECT_OBJC_ISA_USAGE = YES_ERROR;
				CLANG_WARN_DOCUMENTATION_COMMENTS = YES;
				CLANG_WARN_EMPTY_BODY = YES;
				CLANG_WARN_ENUM_CONVERSION = YES;
				CLANG_WARN_INFINITE_RECURSION = YES;
				CLANG_WARN_INT_CONVERSION = YES;
				CLANG_WARN_NON_LITERAL_NULL_CONVERSION = YES;
				CLANG_WARN_OBJC_IMPLICIT_RETAIN_SELF = YES;
				CLANG_WARN_OBJC_LITERAL_CONVERSION = YES;
				CLANG_WARN_OBJC_ROOT_CLASS = YES_ERROR;
				CLANG_WARN_QUOTED_INCLUDE_IN_FRAMEWORK_HEADER = YES;
				CLANG_WARN_RANGE_LOOP_ANALYSIS = YES;
				CLANG_WARN_STRICT_PROTOTYPES = YES;
				CLANG_WARN_SUSPICIOUS_MOVE = YES;
				CLANG_WARN_UNGUARDED_AVAILABILITY = YES_AGGRESSIVE;
				CLANG_WARN_UNREACHABLE_CODE = YES;
				CLANG_WARN__DUPLICATE_METHOD_MATCH = YES;
				COPY_PHASE_STRIP = NO;
				DEBUG_INFORMATION_FORMAT = "dwarf-with-dsym";
				ENABLE_NS_ASSERTIONS = NO;
				ENABLE_STRICT_OBJC_MSGSEND = YES;
				GCC_C_LANGUAGE_STANDARD = gnu11;
				GCC_NO_COMMON_BLOCKS = YES;
				GCC_WARN_64_TO_32_BIT_CONVERSION = YES;
				GCC_WARN_ABOUT_RETURN_TYPE = YES_ERROR;
				GCC_WARN_UNDECLARED_SELECTOR = YES;
				GCC_WARN_UNINITIALIZED_AUTOS = YES_AGGRESSIVE;
				GCC_WARN_UNUSED_FUNCTION = YES;
				GCC_WARN_UNUSED_VARIABLE = YES;
				IPHONEOS_DEPLOYMENT_TARGET = 16.0;
				MTL_ENABLE_DEBUG_INFO = NO;
				MTL_FAST_MATH = YES;
				SDKROOT = iphoneos;
				SWIFT_COMPILATION_MODE = wholemodule;
				SWIFT_OPTIMIZATION_LEVEL = "-O";
				VALIDATE_PRODUCT = YES;
			};
			name = Release;
		};
		67E2D52E290AE68600FB09B3 /* Debug */ = {
			isa = XCBuildConfiguration;
			buildSettings = {
				ASSETCATALOG_COMPILER_APPICON_NAME = AppIcon;
				ASSETCATALOG_COMPILER_GLOBAL_ACCENT_COLOR_NAME = AccentColor;
				CODE_SIGN_STYLE = Automatic;
				CURRENT_PROJECT_VERSION = 1;
				DEVELOPMENT_TEAM = KVU2D4KZ23;
				GENERATE_INFOPLIST_FILE = YES;
				INFOPLIST_FILE = "demo-circle-ci/Info.plist";
				INFOPLIST_KEY_UIApplicationSupportsIndirectInputEvents = YES;
				INFOPLIST_KEY_UILaunchStoryboardName = LaunchScreen;
				INFOPLIST_KEY_UIMainStoryboardFile = Main;
				INFOPLIST_KEY_UISupportedInterfaceOrientations_iPad = "UIInterfaceOrientationPortrait UIInterfaceOrientationPortraitUpsideDown UIInterfaceOrientationLandscapeLeft UIInterfaceOrientationLandscapeRight";
				INFOPLIST_KEY_UISupportedInterfaceOrientations_iPhone = "UIInterfaceOrientationPortrait UIInterfaceOrientationLandscapeLeft UIInterfaceOrientationLandscapeRight";
				IPHONEOS_DEPLOYMENT_TARGET = 14.0;
				LD_RUNPATH_SEARCH_PATHS = (
					"$(inherited)",
					"@executable_path/Frameworks",
				);
				MARKETING_VERSION = 1.0;
				PRODUCT_BUNDLE_IDENTIFIER = "com.phongle.demo-circle-ci";
				PRODUCT_NAME = "$(TARGET_NAME)";
				SUPPORTED_PLATFORMS = "iphoneos iphonesimulator";
				SUPPORTS_MACCATALYST = NO;
				SUPPORTS_MAC_DESIGNED_FOR_IPHONE_IPAD = NO;
				SWIFT_EMIT_LOC_STRINGS = YES;
				SWIFT_VERSION = 5.0;
				TARGETED_DEVICE_FAMILY = 1;
			};
			name = Debug;
		};
		67E2D52F290AE68600FB09B3 /* Release */ = {
			isa = XCBuildConfiguration;
			buildSettings = {
				ASSETCATALOG_COMPILER_APPICON_NAME = AppIcon;
				ASSETCATALOG_COMPILER_GLOBAL_ACCENT_COLOR_NAME = AccentColor;
				CODE_SIGN_STYLE = Automatic;
				CURRENT_PROJECT_VERSION = 1;
				DEVELOPMENT_TEAM = KVU2D4KZ23;
				GENERATE_INFOPLIST_FILE = YES;
				INFOPLIST_FILE = "demo-circle-ci/Info.plist";
				INFOPLIST_KEY_UIApplicationSupportsIndirectInputEvents = YES;
				INFOPLIST_KEY_UILaunchStoryboardName = LaunchScreen;
				INFOPLIST_KEY_UIMainStoryboardFile = Main;
				INFOPLIST_KEY_UISupportedInterfaceOrientations_iPad = "UIInterfaceOrientationPortrait UIInterfaceOrientationPortraitUpsideDown UIInterfaceOrientationLandscapeLeft UIInterfaceOrientationLandscapeRight";
				INFOPLIST_KEY_UISupportedInterfaceOrientations_iPhone = "UIInterfaceOrientationPortrait UIInterfaceOrientationLandscapeLeft UIInterfaceOrientationLandscapeRight";
				IPHONEOS_DEPLOYMENT_TARGET = 14.0;
				LD_RUNPATH_SEARCH_PATHS = (
					"$(inherited)",
					"@executable_path/Frameworks",
				);
				MARKETING_VERSION = 1.0;
				PRODUCT_BUNDLE_IDENTIFIER = "com.phongle.demo-circle-ci";
				PRODUCT_NAME = "$(TARGET_NAME)";
				SUPPORTED_PLATFORMS = "iphoneos iphonesimulator";
				SUPPORTS_MACCATALYST = NO;
				SUPPORTS_MAC_DESIGNED_FOR_IPHONE_IPAD = NO;
				SWIFT_EMIT_LOC_STRINGS = YES;
				SWIFT_VERSION = 5.0;
				TARGETED_DEVICE_FAMILY = 1;
			};
			name = Release;
		};
		67E2D54A290AEB6900FB09B3 /* Debug */ = {
			isa = XCBuildConfiguration;
			buildSettings = {
				BUNDLE_LOADER = "$(TEST_HOST)";
				CODE_SIGN_STYLE = Automatic;
				CURRENT_PROJECT_VERSION = 1;
				DEVELOPMENT_TEAM = KVU2D4KZ23;
				GENERATE_INFOPLIST_FILE = YES;
				IPHONEOS_DEPLOYMENT_TARGET = 14.0;
				MARKETING_VERSION = 1.0;
				PRODUCT_BUNDLE_IDENTIFIER = "com.phongle.demo-circle-ciTests";
				PRODUCT_NAME = "$(TARGET_NAME)";
				SUPPORTED_PLATFORMS = "iphoneos iphonesimulator";
				SUPPORTS_MACCATALYST = NO;
				SUPPORTS_MAC_DESIGNED_FOR_IPHONE_IPAD = NO;
				SWIFT_EMIT_LOC_STRINGS = NO;
				SWIFT_VERSION = 5.0;
				TARGETED_DEVICE_FAMILY = 1;
				TEST_HOST = "$(BUILT_PRODUCTS_DIR)/demo-circle-ci.app/$(BUNDLE_EXECUTABLE_FOLDER_PATH)/demo-circle-ci";
			};
			name = Debug;
		};
		67E2D54B290AEB6900FB09B3 /* Release */ = {
			isa = XCBuildConfiguration;
			buildSettings = {
				BUNDLE_LOADER = "$(TEST_HOST)";
				CODE_SIGN_STYLE = Automatic;
				CURRENT_PROJECT_VERSION = 1;
				DEVELOPMENT_TEAM = KVU2D4KZ23;
				GENERATE_INFOPLIST_FILE = YES;
				IPHONEOS_DEPLOYMENT_TARGET = 14.0;
				MARKETING_VERSION = 1.0;
				PRODUCT_BUNDLE_IDENTIFIER = "com.phongle.demo-circle-ciTests";
				PRODUCT_NAME = "$(TARGET_NAME)";
				SUPPORTED_PLATFORMS = "iphoneos iphonesimulator";
				SUPPORTS_MACCATALYST = NO;
				SUPPORTS_MAC_DESIGNED_FOR_IPHONE_IPAD = NO;
				SWIFT_EMIT_LOC_STRINGS = NO;
				SWIFT_VERSION = 5.0;
				TARGETED_DEVICE_FAMILY = 1;
				TEST_HOST = "$(BUILT_PRODUCTS_DIR)/demo-circle-ci.app/$(BUNDLE_EXECUTABLE_FOLDER_PATH)/demo-circle-ci";
			};
			name = Release;
		};
/* End XCBuildConfiguration section */

/* Begin XCConfigurationList section */
		67E2D514290AE68400FB09B3 /* Build configuration list for PBXProject "demo-circle-ci" */ = {
			isa = XCConfigurationList;
			buildConfigurations = (
				67E2D52B290AE68600FB09B3 /* Debug */,
				67E2D52C290AE68600FB09B3 /* Release */,
			);
			defaultConfigurationIsVisible = 0;
			defaultConfigurationName = Release;
		};
		67E2D52D290AE68600FB09B3 /* Build configuration list for PBXNativeTarget "demo-circle-ci" */ = {
			isa = XCConfigurationList;
			buildConfigurations = (
				67E2D52E290AE68600FB09B3 /* Debug */,
				67E2D52F290AE68600FB09B3 /* Release */,
			);
			defaultConfigurationIsVisible = 0;
			defaultConfigurationName = Release;
		};
		67E2D549290AEB6900FB09B3 /* Build configuration list for PBXNativeTarget "demo-circle-ciTests" */ = {
			isa = XCConfigurationList;
			buildConfigurations = (
				67E2D54A290AEB6900FB09B3 /* Debug */,
				67E2D54B290AEB6900FB09B3 /* Release */,
			);
			defaultConfigurationIsVisible = 0;
			defaultConfigurationName = Release;
		};
/* End XCConfigurationList section */
	};
	rootObject = 67E2D511290AE68400FB09B3 /* Project object */;
}
